
Microsoft Visual Studio Solution File, Format Version 12.00
# Visual Studio Version 17
VisualStudioVersion = 17.5.002.0
MinimumVisualStudioVersion = 10.0.40219.1
Project("{2150E333-8FDC-42A3-9474-1A3956D46DE8}") = "week01", "week01", "{3940C27A-F35A-4D2D-A2D4-75734DE5DE55}"
EndProject
Project("{9A19103F-16F7-4668-BE54-9A1E7A4F7556}") = "code", "week01\code\code.csproj", "{F96B6785-78A5-4846-9447-B6C480D7C7D0}"
EndProject
Project("{9A19103F-16F7-4668-BE54-9A1E7A4F7556}") = "analyze", "week01\analyze\analyze.csproj", "{6328AC45-2BEB-48A7-A8C2-DF693BFEE6DD}"
EndProject
Project("{9A19103F-16F7-4668-BE54-9A1E7A4F7556}") = "teach", "week01\teach\teach.csproj", "{0134C2B5-86EB-4622-A7B5-AFE6A624D952}"
EndProject
Project("{2150E333-8FDC-42A3-9474-1A3956D46DE8}") = "week06", "week06", "{D014543D-590E-485B-9D0A-537E01212340}"
EndProject
Project("{9A19103F-16F7-4668-BE54-9A1E7A4F7556}") = "code", "week06\code\code.csproj", "{FD81D331-A006-4DBD-BF6A-ACB7C723BB2E}"
EndProject
Project("{2150E333-8FDC-42A3-9474-1A3956D46DE8}") = "sandbox", "sandbox", "{6439B959-B5BC-4F49-8EFD-8A92139D9687}"
EndProject
Project("{9A19103F-16F7-4668-BE54-9A1E7A4F7556}") = "sandbox_project", "sandbox\sandbox_project\sandbox_project.csproj", "{C673256E-4B28-4F7A-A9EC-3D85B0C4827B}"
EndProject
Project("{2150E333-8FDC-42A3-9474-1A3956D46DE8}") = "week05", "week05", "{37AF03A4-71DB-4120-8BFC-26FB37ED8AE1}"
EndProject
Project("{9A19103F-16F7-4668-BE54-9A1E7A4F7556}") = "code", "week05\code\code.csproj", "{E1CD6344-27F3-43A9-82C8-1B6054256CA6}"
EndProject
Project("{2150E333-8FDC-42A3-9474-1A3956D46DE8}") = "week02", "week02", "{5B2650AC-C142-4E1C-ADAE-D6753BBDDAEF}"
EndProject
Project("{9A19103F-16F7-4668-BE54-9A1E7A4F7556}") = "learn", "week02\learn\learn.csproj", "{CADE921B-7228-46DD-B749-5C82E2DA1964}"
EndProject
Project("{9A19103F-16F7-4668-BE54-9A1E7A4F7556}") = "code", "week02\code\code.csproj", "{F36D2C81-FB3B-4386-8A88-4C66840D71CB}"
EndProject
Project("{9A19103F-16F7-4668-BE54-9A1E7A4F7556}") = "analyze", "week02\analyze\analyze.csproj", "{F43F92E2-51D6-430B-9925-EB2D1D46B1A7}"
EndProject
Project("{9A19103F-16F7-4668-BE54-9A1E7A4F7556}") = "teach", "week02\teach\teach.csproj", "{A8EC71AA-EB28-44B3-BD9F-134402F7284D}"
EndProject
Project("{2150E333-8FDC-42A3-9474-1A3956D46DE8}") = "week03", "week03", "{D6191665-5C3C-428C-8FD6-837276638EE2}"
EndProject
Project("{9A19103F-16F7-4668-BE54-9A1E7A4F7556}") = "learn", "week03\learn\learn.csproj", "{6D3EBC80-300F-4FA2-8B2C-4332513AB7B4}"
EndProject
Project("{9A19103F-16F7-4668-BE54-9A1E7A4F7556}") = "code", "week03\code\code.csproj", "{DBA62722-C5B9-43F7-A227-834230D76371}"
EndProject
Project("{9A19103F-16F7-4668-BE54-9A1E7A4F7556}") = "teach", "week03\teach\teach.csproj", "{8D714106-F87A-4ECD-8A6E-DBE68FE9C876}"
EndProject
Project("{2150E333-8FDC-42A3-9474-1A3956D46DE8}") = "week04", "week04", "{6096B9F9-BD23-4910-B58F-22818A91AFA2}"
EndProject
Project("{9A19103F-16F7-4668-BE54-9A1E7A4F7556}") = "code", "week04\code\code.csproj", "{14CA6677-B502-4939-A0AF-BF6654083385}"
EndProject
Global
	GlobalSection(SolutionConfigurationPlatforms) = preSolution
		Debug|Any CPU = Debug|Any CPU
		Release|Any CPU = Release|Any CPU
	EndGlobalSection
	GlobalSection(ProjectConfigurationPlatforms) = postSolution
		{F96B6785-78A5-4846-9447-B6C480D7C7D0}.Debug|Any CPU.ActiveCfg = Debug|Any CPU
		{F96B6785-78A5-4846-9447-B6C480D7C7D0}.Debug|Any CPU.Build.0 = Debug|Any CPU
		{F96B6785-78A5-4846-9447-B6C480D7C7D0}.Release|Any CPU.ActiveCfg = Release|Any CPU
		{F96B6785-78A5-4846-9447-B6C480D7C7D0}.Release|Any CPU.Build.0 = Release|Any CPU
		{6328AC45-2BEB-48A7-A8C2-DF693BFEE6DD}.Debug|Any CPU.ActiveCfg = Debug|Any CPU
		{6328AC45-2BEB-48A7-A8C2-DF693BFEE6DD}.Debug|Any CPU.Build.0 = Debug|Any CPU
		{6328AC45-2BEB-48A7-A8C2-DF693BFEE6DD}.Release|Any CPU.ActiveCfg = Release|Any CPU
		{6328AC45-2BEB-48A7-A8C2-DF693BFEE6DD}.Release|Any CPU.Build.0 = Release|Any CPU
		{0134C2B5-86EB-4622-A7B5-AFE6A624D952}.Debug|Any CPU.ActiveCfg = Debug|Any CPU
		{0134C2B5-86EB-4622-A7B5-AFE6A624D952}.Debug|Any CPU.Build.0 = Debug|Any CPU
		{0134C2B5-86EB-4622-A7B5-AFE6A624D952}.Release|Any CPU.ActiveCfg = Release|Any CPU
		{0134C2B5-86EB-4622-A7B5-AFE6A624D952}.Release|Any CPU.Build.0 = Release|Any CPU
		{FD81D331-A006-4DBD-BF6A-ACB7C723BB2E}.Debug|Any CPU.ActiveCfg = Debug|Any CPU
		{FD81D331-A006-4DBD-BF6A-ACB7C723BB2E}.Debug|Any CPU.Build.0 = Debug|Any CPU
		{FD81D331-A006-4DBD-BF6A-ACB7C723BB2E}.Release|Any CPU.ActiveCfg = Release|Any CPU
		{FD81D331-A006-4DBD-BF6A-ACB7C723BB2E}.Release|Any CPU.Build.0 = Release|Any CPU
		{C673256E-4B28-4F7A-A9EC-3D85B0C4827B}.Debug|Any CPU.ActiveCfg = Debug|Any CPU
		{C673256E-4B28-4F7A-A9EC-3D85B0C4827B}.Debug|Any CPU.Build.0 = Debug|Any CPU
		{C673256E-4B28-4F7A-A9EC-3D85B0C4827B}.Release|Any CPU.ActiveCfg = Release|Any CPU
		{C673256E-4B28-4F7A-A9EC-3D85B0C4827B}.Release|Any CPU.Build.0 = Release|Any CPU
		{E1CD6344-27F3-43A9-82C8-1B6054256CA6}.Debug|Any CPU.ActiveCfg = Debug|Any CPU
		{E1CD6344-27F3-43A9-82C8-1B6054256CA6}.Debug|Any CPU.Build.0 = Debug|Any CPU
		{E1CD6344-27F3-43A9-82C8-1B6054256CA6}.Release|Any CPU.ActiveCfg = Release|Any CPU
		{E1CD6344-27F3-43A9-82C8-1B6054256CA6}.Release|Any CPU.Build.0 = Release|Any CPU
		{CADE921B-7228-46DD-B749-5C82E2DA1964}.Debug|Any CPU.ActiveCfg = Debug|Any CPU
		{CADE921B-7228-46DD-B749-5C82E2DA1964}.Debug|Any CPU.Build.0 = Debug|Any CPU
		{CADE921B-7228-46DD-B749-5C82E2DA1964}.Release|Any CPU.ActiveCfg = Release|Any CPU
		{CADE921B-7228-46DD-B749-5C82E2DA1964}.Release|Any CPU.Build.0 = Release|Any CPU
		{F36D2C81-FB3B-4386-8A88-4C66840D71CB}.Debug|Any CPU.ActiveCfg = Debug|Any CPU
		{F36D2C81-FB3B-4386-8A88-4C66840D71CB}.Debug|Any CPU.Build.0 = Debug|Any CPU
		{F36D2C81-FB3B-4386-8A88-4C66840D71CB}.Release|Any CPU.ActiveCfg = Release|Any CPU
		{F36D2C81-FB3B-4386-8A88-4C66840D71CB}.Release|Any CPU.Build.0 = Release|Any CPU
		{F43F92E2-51D6-430B-9925-EB2D1D46B1A7}.Debug|Any CPU.ActiveCfg = Debug|Any CPU
		{F43F92E2-51D6-430B-9925-EB2D1D46B1A7}.Debug|Any CPU.Build.0 = Debug|Any CPU
		{F43F92E2-51D6-430B-9925-EB2D1D46B1A7}.Release|Any CPU.ActiveCfg = Release|Any CPU
		{F43F92E2-51D6-430B-9925-EB2D1D46B1A7}.Release|Any CPU.Build.0 = Release|Any CPU
		{A8EC71AA-EB28-44B3-BD9F-134402F7284D}.Debug|Any CPU.ActiveCfg = Debug|Any CPU
		{A8EC71AA-EB28-44B3-BD9F-134402F7284D}.Debug|Any CPU.Build.0 = Debug|Any CPU
		{A8EC71AA-EB28-44B3-BD9F-134402F7284D}.Release|Any CPU.ActiveCfg = Release|Any CPU
		{A8EC71AA-EB28-44B3-BD9F-134402F7284D}.Release|Any CPU.Build.0 = Release|Any CPU
		{6D3EBC80-300F-4FA2-8B2C-4332513AB7B4}.Debug|Any CPU.ActiveCfg = Debug|Any CPU
		{6D3EBC80-300F-4FA2-8B2C-4332513AB7B4}.Debug|Any CPU.Build.0 = Debug|Any CPU
		{6D3EBC80-300F-4FA2-8B2C-4332513AB7B4}.Release|Any CPU.ActiveCfg = Release|Any CPU
		{6D3EBC80-300F-4FA2-8B2C-4332513AB7B4}.Release|Any CPU.Build.0 = Release|Any CPU
		{DBA62722-C5B9-43F7-A227-834230D76371}.Debug|Any CPU.ActiveCfg = Debug|Any CPU
		{DBA62722-C5B9-43F7-A227-834230D76371}.Debug|Any CPU.Build.0 = Debug|Any CPU
		{DBA62722-C5B9-43F7-A227-834230D76371}.Release|Any CPU.ActiveCfg = Release|Any CPU
		{DBA62722-C5B9-43F7-A227-834230D76371}.Release|Any CPU.Build.0 = Release|Any CPU
		{8D714106-F87A-4ECD-8A6E-DBE68FE9C876}.Debug|Any CPU.ActiveCfg = Debug|Any CPU
		{8D714106-F87A-4ECD-8A6E-DBE68FE9C876}.Debug|Any CPU.Build.0 = Debug|Any CPU
		{8D714106-F87A-4ECD-8A6E-DBE68FE9C876}.Release|Any CPU.ActiveCfg = Release|Any CPU
		{8D714106-F87A-4ECD-8A6E-DBE68FE9C876}.Release|Any CPU.Build.0 = Release|Any CPU
		{14CA6677-B502-4939-A0AF-BF6654083385}.Debug|Any CPU.ActiveCfg = Debug|Any CPU
		{14CA6677-B502-4939-A0AF-BF6654083385}.Debug|Any CPU.Build.0 = Debug|Any CPU
		{14CA6677-B502-4939-A0AF-BF6654083385}.Release|Any CPU.ActiveCfg = Release|Any CPU
		{14CA6677-B502-4939-A0AF-BF6654083385}.Release|Any CPU.Build.0 = Release|Any CPU
	EndGlobalSection
	GlobalSection(SolutionProperties) = preSolution
		HideSolutionNode = FALSE
	EndGlobalSection
	GlobalSection(NestedProjects) = preSolution
		{F96B6785-78A5-4846-9447-B6C480D7C7D0} = {3940C27A-F35A-4D2D-A2D4-75734DE5DE55}
		{6328AC45-2BEB-48A7-A8C2-DF693BFEE6DD} = {3940C27A-F35A-4D2D-A2D4-75734DE5DE55}
		{0134C2B5-86EB-4622-A7B5-AFE6A624D952} = {3940C27A-F35A-4D2D-A2D4-75734DE5DE55}
		{FD81D331-A006-4DBD-BF6A-ACB7C723BB2E} = {D014543D-590E-485B-9D0A-537E01212340}
		{C673256E-4B28-4F7A-A9EC-3D85B0C4827B} = {6439B959-B5BC-4F49-8EFD-8A92139D9687}
		{E1CD6344-27F3-43A9-82C8-1B6054256CA6} = {37AF03A4-71DB-4120-8BFC-26FB37ED8AE1}
		{CADE921B-7228-46DD-B749-5C82E2DA1964} = {5B2650AC-C142-4E1C-ADAE-D6753BBDDAEF}
		{F36D2C81-FB3B-4386-8A88-4C66840D71CB} = {5B2650AC-C142-4E1C-ADAE-D6753BBDDAEF}
		{F43F92E2-51D6-430B-9925-EB2D1D46B1A7} = {5B2650AC-C142-4E1C-ADAE-D6753BBDDAEF}
		{A8EC71AA-EB28-44B3-BD9F-134402F7284D} = {5B2650AC-C142-4E1C-ADAE-D6753BBDDAEF}
		{6D3EBC80-300F-4FA2-8B2C-4332513AB7B4} = {D6191665-5C3C-428C-8FD6-837276638EE2}
		{DBA62722-C5B9-43F7-A227-834230D76371} = {D6191665-5C3C-428C-8FD6-837276638EE2}
		{8D714106-F87A-4ECD-8A6E-DBE68FE9C876} = {D6191665-5C3C-428C-8FD6-837276638EE2}
		{14CA6677-B502-4939-A0AF-BF6654083385} = {6096B9F9-BD23-4910-B58F-22818A91AFA2}
	EndGlobalSection
	GlobalSection(ExtensibilityGlobals) = postSolution
		SolutionGuid = {01428604-4BCB-4F50-83EA-2D064EA64CF1}
	EndGlobalSection
EndGlobal
